
Microsoft Visual Studio Solution File, Format Version 12.00
# Visual Studio Version 17
VisualStudioVersion = 17.0.31903.59
MinimumVisualStudioVersion = 10.0.40219.1
Project("{FAE04EC0-301F-11D3-BF4B-00C04F79EFBC}") = "IS1", "IS1.csproj", "{A9AB214B-5F03-457C-8141-72BAD0F72460}"
EndProject
Global
	GlobalSection(SolutionConfigurationPlatforms) = preSolution
		Debug|Any CPU = Debug|Any CPU
		Release|Any CPU = Release|Any CPU
	EndGlobalSection
	GlobalSection(ProjectConfigurationPlatforms) = postSolution
		{A9AB214B-5F03-457C-8141-72BAD0F72460}.Debug|Any CPU.ActiveCfg = Debug|Any CPU
		{A9AB214B-5F03-457C-8141-72BAD0F72460}.Debug|Any CPU.Build.0 = Debug|Any CPU
		{A9AB214B-5F03-457C-8141-72BAD0F72460}.Release|Any CPU.ActiveCfg = Release|Any CPU
		{A9AB214B-5F03-457C-8141-72BAD0F72460}.Release|Any CPU.Build.0 = Release|Any CPU
	EndGlobalSection
	GlobalSection(SolutionProperties) = preSolution
		HideSolutionNode = FALSE
	EndGlobalSection
	GlobalSection(ExtensibilityGlobals) = postSolution
		SolutionGuid = {F05487E4-53AD-4FE0-BF64-52BDCB0AD586}
	EndGlobalSection
EndGlobal
